
Microsoft Visual Studio Solution File, Format Version 12.00
# Visual Studio 14
VisualStudioVersion = 14.0.24720.0
MinimumVisualStudioVersion = 10.0.40219.1
Project("{FAE04EC0-301F-11D3-BF4B-00C04F79EFBC}") = "Mapas_XF.Droid", "Mapas_XF\Mapas_XF.Droid\Mapas_XF.Droid.csproj", "{1B70B1B6-7389-4BB7-9E23-70F2EA88E708}"
EndProject
Project("{FAE04EC0-301F-11D3-BF4B-00C04F79EFBC}") = "Mapas_XF.iOS", "Mapas_XF\Mapas_XF.iOS\Mapas_XF.iOS.csproj", "{4C86AC2E-AB7E-4D7D-BB13-E93DA841400A}"
EndProject
Project("{FAE04EC0-301F-11D3-BF4B-00C04F79EFBC}") = "Mapas_XF", "Mapas_XF\Mapas_XF\Mapas_XF.csproj", "{31880124-BADF-4009-AC34-72214D948AAE}"
EndProject
Global
	GlobalSection(SolutionConfigurationPlatforms) = preSolution
		Ad-Hoc|Any CPU = Ad-Hoc|Any CPU
		Ad-Hoc|ARM = Ad-Hoc|ARM
		Ad-Hoc|iPhone = Ad-Hoc|iPhone
		Ad-Hoc|iPhoneSimulator = Ad-Hoc|iPhoneSimulator
		Ad-Hoc|x64 = Ad-Hoc|x64
		Ad-Hoc|x86 = Ad-Hoc|x86
		AppStore|Any CPU = AppStore|Any CPU
		AppStore|ARM = AppStore|ARM
		AppStore|iPhone = AppStore|iPhone
		AppStore|iPhoneSimulator = AppStore|iPhoneSimulator
		AppStore|x64 = AppStore|x64
		AppStore|x86 = AppStore|x86
		Debug|Any CPU = Debug|Any CPU
		Debug|ARM = Debug|ARM
		Debug|iPhone = Debug|iPhone
		Debug|iPhoneSimulator = Debug|iPhoneSimulator
		Debug|x64 = Debug|x64
		Debug|x86 = Debug|x86
		Release|Any CPU = Release|Any CPU
		Release|ARM = Release|ARM
		Release|iPhone = Release|iPhone
		Release|iPhoneSimulator = Release|iPhoneSimulator
		Release|x64 = Release|x64
		Release|x86 = Release|x86
	EndGlobalSection
	GlobalSection(ProjectConfigurationPlatforms) = postSolution
		{1B70B1B6-7389-4BB7-9E23-70F2EA88E708}.Ad-Hoc|Any CPU.ActiveCfg = Release|Any CPU
		{1B70B1B6-7389-4BB7-9E23-70F2EA88E708}.Ad-Hoc|Any CPU.Build.0 = Release|Any CPU
		{1B70B1B6-7389-4BB7-9E23-70F2EA88E708}.Ad-Hoc|Any CPU.Deploy.0 = Release|Any CPU
		{1B70B1B6-7389-4BB7-9E23-70F2EA88E708}.Ad-Hoc|ARM.ActiveCfg = Release|Any CPU
		{1B70B1B6-7389-4BB7-9E23-70F2EA88E708}.Ad-Hoc|ARM.Build.0 = Release|Any CPU
		{1B70B1B6-7389-4BB7-9E23-70F2EA88E708}.Ad-Hoc|ARM.Deploy.0 = Release|Any CPU
		{1B70B1B6-7389-4BB7-9E23-70F2EA88E708}.Ad-Hoc|iPhone.ActiveCfg = Release|Any CPU
		{1B70B1B6-7389-4BB7-9E23-70F2EA88E708}.Ad-Hoc|iPhone.Build.0 = Release|Any CPU
		{1B70B1B6-7389-4BB7-9E23-70F2EA88E708}.Ad-Hoc|iPhone.Deploy.0 = Release|Any CPU
		{1B70B1B6-7389-4BB7-9E23-70F2EA88E708}.Ad-Hoc|iPhoneSimulator.ActiveCfg = Release|Any CPU
		{1B70B1B6-7389-4BB7-9E23-70F2EA88E708}.Ad-Hoc|iPhoneSimulator.Build.0 = Release|Any CPU
		{1B70B1B6-7389-4BB7-9E23-70F2EA88E708}.Ad-Hoc|iPhoneSimulator.Deploy.0 = Release|Any CPU
		{1B70B1B6-7389-4BB7-9E23-70F2EA88E708}.Ad-Hoc|x64.ActiveCfg = Release|Any CPU
		{1B70B1B6-7389-4BB7-9E23-70F2EA88E708}.Ad-Hoc|x64.Build.0 = Release|Any CPU
		{1B70B1B6-7389-4BB7-9E23-70F2EA88E708}.Ad-Hoc|x64.Deploy.0 = Release|Any CPU
		{1B70B1B6-7389-4BB7-9E23-70F2EA88E708}.Ad-Hoc|x86.ActiveCfg = Release|Any CPU
		{1B70B1B6-7389-4BB7-9E23-70F2EA88E708}.Ad-Hoc|x86.Build.0 = Release|Any CPU
		{1B70B1B6-7389-4BB7-9E23-70F2EA88E708}.Ad-Hoc|x86.Deploy.0 = Release|Any CPU
		{1B70B1B6-7389-4BB7-9E23-70F2EA88E708}.AppStore|Any CPU.ActiveCfg = Release|Any CPU
		{1B70B1B6-7389-4BB7-9E23-70F2EA88E708}.AppStore|Any CPU.Build.0 = Release|Any CPU
		{1B70B1B6-7389-4BB7-9E23-70F2EA88E708}.AppStore|Any CPU.Deploy.0 = Release|Any CPU
		{1B70B1B6-7389-4BB7-9E23-70F2EA88E708}.AppStore|ARM.ActiveCfg = Release|Any CPU
		{1B70B1B6-7389-4BB7-9E23-70F2EA88E708}.AppStore|ARM.Build.0 = Release|Any CPU
		{1B70B1B6-7389-4BB7-9E23-70F2EA88E708}.AppStore|ARM.Deploy.0 = Release|Any CPU
		{1B70B1B6-7389-4BB7-9E23-70F2EA88E708}.AppStore|iPhone.ActiveCfg = Release|Any CPU
		{1B70B1B6-7389-4BB7-9E23-70F2EA88E708}.AppStore|iPhone.Build.0 = Release|Any CPU
		{1B70B1B6-7389-4BB7-9E23-70F2EA88E708}.AppStore|iPhone.Deploy.0 = Release|Any CPU
		{1B70B1B6-7389-4BB7-9E23-70F2EA88E708}.AppStore|iPhoneSimulator.ActiveCfg = Release|Any CPU
		{1B70B1B6-7389-4BB7-9E23-70F2EA88E708}.AppStore|iPhoneSimulator.Build.0 = Release|Any CPU
		{1B70B1B6-7389-4BB7-9E23-70F2EA88E708}.AppStore|iPhoneSimulator.Deploy.0 = Release|Any CPU
		{1B70B1B6-7389-4BB7-9E23-70F2EA88E708}.AppStore|x64.ActiveCfg = Release|Any CPU
		{1B70B1B6-7389-4BB7-9E23-70F2EA88E708}.AppStore|x64.Build.0 = Release|Any CPU
		{1B70B1B6-7389-4BB7-9E23-70F2EA88E708}.AppStore|x64.Deploy.0 = Release|Any CPU
		{1B70B1B6-7389-4BB7-9E23-70F2EA88E708}.AppStore|x86.ActiveCfg = Release|Any CPU
		{1B70B1B6-7389-4BB7-9E23-70F2EA88E708}.AppStore|x86.Build.0 = Release|Any CPU
		{1B70B1B6-7389-4BB7-9E23-70F2EA88E708}.AppStore|x86.Deploy.0 = Release|Any CPU
		{1B70B1B6-7389-4BB7-9E23-70F2EA88E708}.Debug|Any CPU.ActiveCfg = Debug|Any CPU
		{1B70B1B6-7389-4BB7-9E23-70F2EA88E708}.Debug|Any CPU.Build.0 = Debug|Any CPU
		{1B70B1B6-7389-4BB7-9E23-70F2EA88E708}.Debug|Any CPU.Deploy.0 = Debug|Any CPU
		{1B70B1B6-7389-4BB7-9E23-70F2EA88E708}.Debug|ARM.ActiveCfg = Debug|Any CPU
		{1B70B1B6-7389-4BB7-9E23-70F2EA88E708}.Debug|ARM.Build.0 = Debug|Any CPU
		{1B70B1B6-7389-4BB7-9E23-70F2EA88E708}.Debug|ARM.Deploy.0 = Debug|Any CPU
		{1B70B1B6-7389-4BB7-9E23-70F2EA88E708}.Debug|iPhone.ActiveCfg = Debug|Any CPU
		{1B70B1B6-7389-4BB7-9E23-70F2EA88E708}.Debug|iPhone.Build.0 = Debug|Any CPU
		{1B70B1B6-7389-4BB7-9E23-70F2EA88E708}.Debug|iPhone.Deploy.0 = Debug|Any CPU
		{1B70B1B6-7389-4BB7-9E23-70F2EA88E708}.Debug|iPhoneSimulator.ActiveCfg = Debug|Any CPU
		{1B70B1B6-7389-4BB7-9E23-70F2EA88E708}.Debug|iPhoneSimulator.Build.0 = Debug|Any CPU
		{1B70B1B6-7389-4BB7-9E23-70F2EA88E708}.Debug|iPhoneSimulator.Deploy.0 = Debug|Any CPU
		{1B70B1B6-7389-4BB7-9E23-70F2EA88E708}.Debug|x64.ActiveCfg = Debug|Any CPU
		{1B70B1B6-7389-4BB7-9E23-70F2EA88E708}.Debug|x64.Build.0 = Debug|Any CPU
		{1B70B1B6-7389-4BB7-9E23-70F2EA88E708}.Debug|x64.Deploy.0 = Debug|Any CPU
		{1B70B1B6-7389-4BB7-9E23-70F2EA88E708}.Debug|x86.ActiveCfg = Debug|Any CPU
		{1B70B1B6-7389-4BB7-9E23-70F2EA88E708}.Debug|x86.Build.0 = Debug|Any CPU
		{1B70B1B6-7389-4BB7-9E23-70F2EA88E708}.Debug|x86.Deploy.0 = Debug|Any CPU
		{1B70B1B6-7389-4BB7-9E23-70F2EA88E708}.Release|Any CPU.ActiveCfg = Release|Any CPU
		{1B70B1B6-7389-4BB7-9E23-70F2EA88E708}.Release|Any CPU.Build.0 = Release|Any CPU
		{1B70B1B6-7389-4BB7-9E23-70F2EA88E708}.Release|Any CPU.Deploy.0 = Release|Any CPU
		{1B70B1B6-7389-4BB7-9E23-70F2EA88E708}.Release|ARM.ActiveCfg = Release|Any CPU
		{1B70B1B6-7389-4BB7-9E23-70F2EA88E708}.Release|ARM.Build.0 = Release|Any CPU
		{1B70B1B6-7389-4BB7-9E23-70F2EA88E708}.Release|ARM.Deploy.0 = Release|Any CPU
		{1B70B1B6-7389-4BB7-9E23-70F2EA88E708}.Release|iPhone.ActiveCfg = Release|Any CPU
		{1B70B1B6-7389-4BB7-9E23-70F2EA88E708}.Release|iPhone.Build.0 = Release|Any CPU
		{1B70B1B6-7389-4BB7-9E23-70F2EA88E708}.Release|iPhone.Deploy.0 = Release|Any CPU
		{1B70B1B6-7389-4BB7-9E23-70F2EA88E708}.Release|iPhoneSimulator.ActiveCfg = Release|Any CPU
		{1B70B1B6-7389-4BB7-9E23-70F2EA88E708}.Release|iPhoneSimulator.Build.0 = Release|Any CPU
		{1B70B1B6-7389-4BB7-9E23-70F2EA88E708}.Release|iPhoneSimulator.Deploy.0 = Release|Any CPU
		{1B70B1B6-7389-4BB7-9E23-70F2EA88E708}.Release|x64.ActiveCfg = Release|Any CPU
		{1B70B1B6-7389-4BB7-9E23-70F2EA88E708}.Release|x64.Build.0 = Release|Any CPU
		{1B70B1B6-7389-4BB7-9E23-70F2EA88E708}.Release|x64.Deploy.0 = Release|Any CPU
		{1B70B1B6-7389-4BB7-9E23-70F2EA88E708}.Release|x86.ActiveCfg = Release|Any CPU
		{1B70B1B6-7389-4BB7-9E23-70F2EA88E708}.Release|x86.Build.0 = Release|Any CPU
		{1B70B1B6-7389-4BB7-9E23-70F2EA88E708}.Release|x86.Deploy.0 = Release|Any CPU
		{4C86AC2E-AB7E-4D7D-BB13-E93DA841400A}.Ad-Hoc|Any CPU.ActiveCfg = Ad-Hoc|iPhone
		{4C86AC2E-AB7E-4D7D-BB13-E93DA841400A}.Ad-Hoc|ARM.ActiveCfg = Ad-Hoc|iPhone
		{4C86AC2E-AB7E-4D7D-BB13-E93DA841400A}.Ad-Hoc|iPhone.ActiveCfg = Ad-Hoc|iPhone
		{4C86AC2E-AB7E-4D7D-BB13-E93DA841400A}.Ad-Hoc|iPhone.Build.0 = Ad-Hoc|iPhone
		{4C86AC2E-AB7E-4D7D-BB13-E93DA841400A}.Ad-Hoc|iPhoneSimulator.ActiveCfg = Ad-Hoc|iPhoneSimulator
		{4C86AC2E-AB7E-4D7D-BB13-E93DA841400A}.Ad-Hoc|iPhoneSimulator.Build.0 = Ad-Hoc|iPhoneSimulator
		{4C86AC2E-AB7E-4D7D-BB13-E93DA841400A}.Ad-Hoc|x64.ActiveCfg = Ad-Hoc|iPhone
		{4C86AC2E-AB7E-4D7D-BB13-E93DA841400A}.Ad-Hoc|x86.ActiveCfg = Ad-Hoc|iPhone
		{4C86AC2E-AB7E-4D7D-BB13-E93DA841400A}.AppStore|Any CPU.ActiveCfg = AppStore|iPhone
		{4C86AC2E-AB7E-4D7D-BB13-E93DA841400A}.AppStore|ARM.ActiveCfg = AppStore|iPhone
		{4C86AC2E-AB7E-4D7D-BB13-E93DA841400A}.AppStore|iPhone.ActiveCfg = AppStore|iPhone
		{4C86AC2E-AB7E-4D7D-BB13-E93DA841400A}.AppStore|iPhone.Build.0 = AppStore|iPhone
		{4C86AC2E-AB7E-4D7D-BB13-E93DA841400A}.AppStore|iPhoneSimulator.ActiveCfg = AppStore|iPhoneSimulator
		{4C86AC2E-AB7E-4D7D-BB13-E93DA841400A}.AppStore|iPhoneSimulator.Build.0 = AppStore|iPhoneSimulator
		{4C86AC2E-AB7E-4D7D-BB13-E93DA841400A}.AppStore|x64.ActiveCfg = AppStore|iPhone
		{4C86AC2E-AB7E-4D7D-BB13-E93DA841400A}.AppStore|x86.ActiveCfg = AppStore|iPhone
		{4C86AC2E-AB7E-4D7D-BB13-E93DA841400A}.Debug|Any CPU.ActiveCfg = Debug|iPhone
		{4C86AC2E-AB7E-4D7D-BB13-E93DA841400A}.Debug|ARM.ActiveCfg = Debug|iPhone
		{4C86AC2E-AB7E-4D7D-BB13-E93DA841400A}.Debug|iPhone.ActiveCfg = Debug|iPhone
		{4C86AC2E-AB7E-4D7D-BB13-E93DA841400A}.Debug|iPhone.Build.0 = Debug|iPhone
		{4C86AC2E-AB7E-4D7D-BB13-E93DA841400A}.Debug|iPhoneSimulator.ActiveCfg = Debug|iPhoneSimulator
		{4C86AC2E-AB7E-4D7D-BB13-E93DA841400A}.Debug|iPhoneSimulator.Build.0 = Debug|iPhoneSimulator
		{4C86AC2E-AB7E-4D7D-BB13-E93DA841400A}.Debug|x64.ActiveCfg = Debug|iPhone
		{4C86AC2E-AB7E-4D7D-BB13-E93DA841400A}.Debug|x86.ActiveCfg = Debug|iPhone
		{4C86AC2E-AB7E-4D7D-BB13-E93DA841400A}.Release|Any CPU.ActiveCfg = Release|iPhone
		{4C86AC2E-AB7E-4D7D-BB13-E93DA841400A}.Release|ARM.ActiveCfg = Release|iPhone
		{4C86AC2E-AB7E-4D7D-BB13-E93DA841400A}.Release|iPhone.ActiveCfg = Release|iPhone
		{4C86AC2E-AB7E-4D7D-BB13-E93DA841400A}.Release|iPhone.Build.0 = Release|iPhone
		{4C86AC2E-AB7E-4D7D-BB13-E93DA841400A}.Release|iPhoneSimulator.ActiveCfg = Release|iPhoneSimulator
		{4C86AC2E-AB7E-4D7D-BB13-E93DA841400A}.Release|iPhoneSimulator.Build.0 = Release|iPhoneSimulator
		{4C86AC2E-AB7E-4D7D-BB13-E93DA841400A}.Release|x64.ActiveCfg = Release|iPhone
		{4C86AC2E-AB7E-4D7D-BB13-E93DA841400A}.Release|x86.ActiveCfg = Release|iPhone
		{31880124-BADF-4009-AC34-72214D948AAE}.Ad-Hoc|Any CPU.ActiveCfg = Release|Any CPU
		{31880124-BADF-4009-AC34-72214D948AAE}.Ad-Hoc|Any CPU.Build.0 = Release|Any CPU
		{31880124-BADF-4009-AC34-72214D948AAE}.Ad-Hoc|ARM.ActiveCfg = Release|Any CPU
		{31880124-BADF-4009-AC34-72214D948AAE}.Ad-Hoc|ARM.Build.0 = Release|Any CPU
		{31880124-BADF-4009-AC34-72214D948AAE}.Ad-Hoc|iPhone.ActiveCfg = Release|Any CPU
		{31880124-BADF-4009-AC34-72214D948AAE}.Ad-Hoc|iPhone.Build.0 = Release|Any CPU
		{31880124-BADF-4009-AC34-72214D948AAE}.Ad-Hoc|iPhoneSimulator.ActiveCfg = Release|Any CPU
		{31880124-BADF-4009-AC34-72214D948AAE}.Ad-Hoc|iPhoneSimulator.Build.0 = Release|Any CPU
		{31880124-BADF-4009-AC34-72214D948AAE}.Ad-Hoc|x64.ActiveCfg = Release|Any CPU
		{31880124-BADF-4009-AC34-72214D948AAE}.Ad-Hoc|x64.Build.0 = Release|Any CPU
		{31880124-BADF-4009-AC34-72214D948AAE}.Ad-Hoc|x86.ActiveCfg = Release|Any CPU
		{31880124-BADF-4009-AC34-72214D948AAE}.Ad-Hoc|x86.Build.0 = Release|Any CPU
		{31880124-BADF-4009-AC34-72214D948AAE}.AppStore|Any CPU.ActiveCfg = Release|Any CPU
		{31880124-BADF-4009-AC34-72214D948AAE}.AppStore|Any CPU.Build.0 = Release|Any CPU
		{31880124-BADF-4009-AC34-72214D948AAE}.AppStore|ARM.ActiveCfg = Release|Any CPU
		{31880124-BADF-4009-AC34-72214D948AAE}.AppStore|ARM.Build.0 = Release|Any CPU
		{31880124-BADF-4009-AC34-72214D948AAE}.AppStore|iPhone.ActiveCfg = Release|Any CPU
		{31880124-BADF-4009-AC34-72214D948AAE}.AppStore|iPhone.Build.0 = Release|Any CPU
		{31880124-BADF-4009-AC34-72214D948AAE}.AppStore|iPhoneSimulator.ActiveCfg = Release|Any CPU
		{31880124-BADF-4009-AC34-72214D948AAE}.AppStore|iPhoneSimulator.Build.0 = Release|Any CPU
		{31880124-BADF-4009-AC34-72214D948AAE}.AppStore|x64.ActiveCfg = Release|Any CPU
		{31880124-BADF-4009-AC34-72214D948AAE}.AppStore|x64.Build.0 = Release|Any CPU
		{31880124-BADF-4009-AC34-72214D948AAE}.AppStore|x86.ActiveCfg = Release|Any CPU
		{31880124-BADF-4009-AC34-72214D948AAE}.AppStore|x86.Build.0 = Release|Any CPU
		{31880124-BADF-4009-AC34-72214D948AAE}.Debug|Any CPU.ActiveCfg = Debug|Any CPU
		{31880124-BADF-4009-AC34-72214D948AAE}.Debug|Any CPU.Build.0 = Debug|Any CPU
		{31880124-BADF-4009-AC34-72214D948AAE}.Debug|ARM.ActiveCfg = Debug|Any CPU
		{31880124-BADF-4009-AC34-72214D948AAE}.Debug|ARM.Build.0 = Debug|Any CPU
		{31880124-BADF-4009-AC34-72214D948AAE}.Debug|iPhone.ActiveCfg = Debug|Any CPU
		{31880124-BADF-4009-AC34-72214D948AAE}.Debug|iPhone.Build.0 = Debug|Any CPU
		{31880124-BADF-4009-AC34-72214D948AAE}.Debug|iPhoneSimulator.ActiveCfg = Debug|Any CPU
		{31880124-BADF-4009-AC34-72214D948AAE}.Debug|iPhoneSimulator.Build.0 = Debug|Any CPU
		{31880124-BADF-4009-AC34-72214D948AAE}.Debug|x64.ActiveCfg = Debug|Any CPU
		{31880124-BADF-4009-AC34-72214D948AAE}.Debug|x64.Build.0 = Debug|Any CPU
		{31880124-BADF-4009-AC34-72214D948AAE}.Debug|x86.ActiveCfg = Debug|Any CPU
		{31880124-BADF-4009-AC34-72214D948AAE}.Debug|x86.Build.0 = Debug|Any CPU
		{31880124-BADF-4009-AC34-72214D948AAE}.Release|Any CPU.ActiveCfg = Release|Any CPU
		{31880124-BADF-4009-AC34-72214D948AAE}.Release|Any CPU.Build.0 = Release|Any CPU
		{31880124-BADF-4009-AC34-72214D948AAE}.Release|ARM.ActiveCfg = Release|Any CPU
		{31880124-BADF-4009-AC34-72214D948AAE}.Release|ARM.Build.0 = Release|Any CPU
		{31880124-BADF-4009-AC34-72214D948AAE}.Release|iPhone.ActiveCfg = Release|Any CPU
		{31880124-BADF-4009-AC34-72214D948AAE}.Release|iPhone.Build.0 = Release|Any CPU
		{31880124-BADF-4009-AC34-72214D948AAE}.Release|iPhoneSimulator.ActiveCfg = Release|Any CPU
		{31880124-BADF-4009-AC34-72214D948AAE}.Release|iPhoneSimulator.Build.0 = Release|Any CPU
		{31880124-BADF-4009-AC34-72214D948AAE}.Release|x64.ActiveCfg = Release|Any CPU
		{31880124-BADF-4009-AC34-72214D948AAE}.Release|x64.Build.0 = Release|Any CPU
		{31880124-BADF-4009-AC34-72214D948AAE}.Release|x86.ActiveCfg = Release|Any CPU
		{31880124-BADF-4009-AC34-72214D948AAE}.Release|x86.Build.0 = Release|Any CPU
	EndGlobalSection
	GlobalSection(SolutionProperties) = preSolution
		HideSolutionNode = FALSE
	EndGlobalSection
EndGlobal
